
Microsoft Visual Studio Solution File, Format Version 12.00
# Visual Studio Version 17
VisualStudioVersion = 17.2.32516.85
MinimumVisualStudioVersion = 10.0.40219.1
Project("{9A19103F-16F7-4668-BE54-9A1E7A4F7556}") = "aspnet-core-secrets", "aspnet-core-secrets.csproj", "{062390F3-7D82-469B-9523-0718CF4EFCB9}"
EndProject
Global
	GlobalSection(SolutionConfigurationPlatforms) = preSolution
		Debug|Any CPU = Debug|Any CPU
		Release|Any CPU = Release|Any CPU
	EndGlobalSection
	GlobalSection(ProjectConfigurationPlatforms) = postSolution
		{062390F3-7D82-469B-9523-0718CF4EFCB9}.Debug|Any CPU.ActiveCfg = Debug|Any CPU
		{062390F3-7D82-469B-9523-0718CF4EFCB9}.Debug|Any CPU.Build.0 = Debug|Any CPU
		{062390F3-7D82-469B-9523-0718CF4EFCB9}.Release|Any CPU.ActiveCfg = Release|Any CPU
		{062390F3-7D82-469B-9523-0718CF4EFCB9}.Release|Any CPU.Build.0 = Release|Any CPU
	EndGlobalSection
	GlobalSection(SolutionProperties) = preSolution
		HideSolutionNode = FALSE
	EndGlobalSection
	GlobalSection(ExtensibilityGlobals) = postSolution
		SolutionGuid = {044BCC61-C217-4B50-B4BE-ACD49191F8C5}
	EndGlobalSection
EndGlobal
